
Microsoft Visual Studio Solution File, Format Version 12.00
# Visual Studio Version 16
VisualStudioVersion = 16.0.30907.101
MinimumVisualStudioVersion = 10.0.40219.1
Project("{FAE04EC0-301F-11D3-BF4B-00C04F79EFBC}") = "DSP_CraftMany", "DSP_CraftMany\DSP_CraftMany.csproj", "{F247FB1F-4F84-49CA-A4C0-3777E0A1A254}"
EndProject
Project("{FAE04EC0-301F-11D3-BF4B-00C04F79EFBC}") = "DSP_ModAssistant", "DSP_ModAssistant\DSP_ModAssistant.csproj", "{36405559-D3FE-444C-9658-9539D620DF62}"
EndProject
Global
	GlobalSection(SolutionConfigurationPlatforms) = preSolution
		Debug|Any CPU = Debug|Any CPU
		Release|Any CPU = Release|Any CPU
	EndGlobalSection
	GlobalSection(ProjectConfigurationPlatforms) = postSolution
		{F247FB1F-4F84-49CA-A4C0-3777E0A1A254}.Debug|Any CPU.ActiveCfg = Debug|Any CPU
		{F247FB1F-4F84-49CA-A4C0-3777E0A1A254}.Debug|Any CPU.Build.0 = Debug|Any CPU
		{F247FB1F-4F84-49CA-A4C0-3777E0A1A254}.Release|Any CPU.ActiveCfg = Release|Any CPU
		{F247FB1F-4F84-49CA-A4C0-3777E0A1A254}.Release|Any CPU.Build.0 = Release|Any CPU
		{36405559-D3FE-444C-9658-9539D620DF62}.Debug|Any CPU.ActiveCfg = Debug|Any CPU
		{36405559-D3FE-444C-9658-9539D620DF62}.Debug|Any CPU.Build.0 = Debug|Any CPU
		{36405559-D3FE-444C-9658-9539D620DF62}.Release|Any CPU.ActiveCfg = Release|Any CPU
		{36405559-D3FE-444C-9658-9539D620DF62}.Release|Any CPU.Build.0 = Release|Any CPU
	EndGlobalSection
	GlobalSection(SolutionProperties) = preSolution
		HideSolutionNode = FALSE
	EndGlobalSection
	GlobalSection(ExtensibilityGlobals) = postSolution
		SolutionGuid = {E86DAECC-D903-40C8-AA4A-26ACCB602111}
	EndGlobalSection
EndGlobal
